
Microsoft Visual Studio Solution File, Format Version 11.00
# Visual Studio 2010
Project("{FAE04EC0-301F-11D3-BF4B-00C04F79EFBC}") = "Hermes", "Hermes\Hermes.csproj", "{8FE4CDD9-C1D4-4DA7-B12A-A4618EA07D3B}"
EndProject
Project("{FAE04EC0-301F-11D3-BF4B-00C04F79EFBC}") = "HermesTests", "HermesTests\HermesTests.csproj", "{CA04329C-0755-47E5-9B11-6DCE1CF746EB}"
EndProject
Project("{2150E333-8FDC-42A3-9474-1A3956D46DE8}") = "Solution Items", "Solution Items", "{29CC55C8-228C-4989-9954-41E9095C1CA0}"
	ProjectSection(SolutionItems) = preProject
		Hermes.vsmdi = Hermes.vsmdi
		Local.testsettings = Local.testsettings
		TraceAndTestImpact.testsettings = TraceAndTestImpact.testsettings
	EndProjectSection
EndProject
Global
	GlobalSection(TestCaseManagementSettings) = postSolution
		CategoryFile = Hermes.vsmdi
	EndGlobalSection
	GlobalSection(SolutionConfigurationPlatforms) = preSolution
		Debug|Any CPU = Debug|Any CPU
		Release|Any CPU = Release|Any CPU
	EndGlobalSection
	GlobalSection(ProjectConfigurationPlatforms) = postSolution
		{8FE4CDD9-C1D4-4DA7-B12A-A4618EA07D3B}.Debug|Any CPU.ActiveCfg = Debug|Any CPU
		{8FE4CDD9-C1D4-4DA7-B12A-A4618EA07D3B}.Debug|Any CPU.Build.0 = Debug|Any CPU
		{8FE4CDD9-C1D4-4DA7-B12A-A4618EA07D3B}.Release|Any CPU.ActiveCfg = Release|Any CPU
		{8FE4CDD9-C1D4-4DA7-B12A-A4618EA07D3B}.Release|Any CPU.Build.0 = Release|Any CPU
		{CA04329C-0755-47E5-9B11-6DCE1CF746EB}.Debug|Any CPU.ActiveCfg = Debug|Any CPU
		{CA04329C-0755-47E5-9B11-6DCE1CF746EB}.Debug|Any CPU.Build.0 = Debug|Any CPU
		{CA04329C-0755-47E5-9B11-6DCE1CF746EB}.Release|Any CPU.ActiveCfg = Release|Any CPU
		{CA04329C-0755-47E5-9B11-6DCE1CF746EB}.Release|Any CPU.Build.0 = Release|Any CPU
	EndGlobalSection
	GlobalSection(SolutionProperties) = preSolution
		HideSolutionNode = FALSE
	EndGlobalSection
EndGlobal
